
Microsoft Visual Studio Solution File, Format Version 12.00
# Visual Studio 15
VisualStudioVersion = 15.0.27130.2027
MinimumVisualStudioVersion = 10.0.40219.1
Project("{FAE04EC0-301F-11D3-BF4B-00C04F79EFBC}") = "EmployeesListApp", "EmployeesListApp\EmployeesListApp.csproj", "{B13569A5-23F9-4BD8-B457-F9E5DEB8DB1F}"
EndProject
Global
	GlobalSection(SolutionConfigurationPlatforms) = preSolution
		Debug|Any CPU = Debug|Any CPU
		Release|Any CPU = Release|Any CPU
	EndGlobalSection
	GlobalSection(ProjectConfigurationPlatforms) = postSolution
		{B13569A5-23F9-4BD8-B457-F9E5DEB8DB1F}.Debug|Any CPU.ActiveCfg = Debug|Any CPU
		{B13569A5-23F9-4BD8-B457-F9E5DEB8DB1F}.Debug|Any CPU.Build.0 = Debug|Any CPU
		{B13569A5-23F9-4BD8-B457-F9E5DEB8DB1F}.Release|Any CPU.ActiveCfg = Release|Any CPU
		{B13569A5-23F9-4BD8-B457-F9E5DEB8DB1F}.Release|Any CPU.Build.0 = Release|Any CPU
	EndGlobalSection
	GlobalSection(SolutionProperties) = preSolution
		HideSolutionNode = FALSE
	EndGlobalSection
	GlobalSection(ExtensibilityGlobals) = postSolution
		SolutionGuid = {0C2205E9-EA36-4C61-9FBE-48C0523B1008}
	EndGlobalSection
EndGlobal
